// !$*UTF8*$!
{
	archiveVersion = 1;
	classes = {
	};
	objectVersion = 50;
	objects = {

/* Begin PBXBuildFile section */
		69A7638B24338B7F0063BBD0 /* AppDelegate.swift in Sources */ = {isa = PBXBuildFile; fileRef = 69A7638A24338B7F0063BBD0 /* AppDelegate.swift */; };
		69A7638D24338B7F0063BBD0 /* GameScene.sks in Resources */ = {isa = PBXBuildFile; fileRef = 69A7638C24338B7F0063BBD0 /* GameScene.sks */; };
		69A7638F24338B7F0063BBD0 /* Actions.sks in Resources */ = {isa = PBXBuildFile; fileRef = 69A7638E24338B7F0063BBD0 /* Actions.sks */; };
		69A7639124338B7F0063BBD0 /* GameScene.swift in Sources */ = {isa = PBXBuildFile; fileRef = 69A7639024338B7F0063BBD0 /* GameScene.swift */; };
		69A7639324338B7F0063BBD0 /* ViewController.swift in Sources */ = {isa = PBXBuildFile; fileRef = 69A7639224338B7F0063BBD0 /* ViewController.swift */; };
		69A7639524338B830063BBD0 /* Assets.xcassets in Resources */ = {isa = PBXBuildFile; fileRef = 69A7639424338B830063BBD0 /* Assets.xcassets */; };
		69A7639824338B830063BBD0 /* Main.storyboard in Resources */ = {isa = PBXBuildFile; fileRef = 69A7639624338B830063BBD0 /* Main.storyboard */; };
/* End PBXBuildFile section */

/* Begin PBXFileReference section */
		69A7638724338B7E0063BBD0 /* PixelGame.app */ = {isa = PBXFileReference; explicitFileType = wrapper.application; includeInIndex = 0; path = PixelGame.app; sourceTree = BUILT_PRODUCTS_DIR; };
		69A7638A24338B7F0063BBD0 /* AppDelegate.swift */ = {isa = PBXFileReference; lastKnownFileType = sourcecode.swift; path = AppDelegate.swift; sourceTree = "<group>"; };
		69A7638C24338B7F0063BBD0 /* GameScene.sks */ = {isa = PBXFileReference; lastKnownFileType = file.sks; path = GameScene.sks; sourceTree = "<group>"; };
		69A7638E24338B7F0063BBD0 /* Actions.sks */ = {isa = PBXFileReference; lastKnownFileType = file.sks; path = Actions.sks; sourceTree = "<group>"; };
		69A7639024338B7F0063BBD0 /* GameScene.swift */ = {isa = PBXFileReference; lastKnownFileType = sourcecode.swift; path = GameScene.swift; sourceTree = "<group>"; };
		69A7639224338B7F0063BBD0 /* ViewController.swift */ = {isa = PBXFileReference; lastKnownFileType = sourcecode.swift; path = ViewController.swift; sourceTree = "<group>"; };
		69A7639424338B830063BBD0 /* Assets.xcassets */ = {isa = PBXFileReference; lastKnownFileType = folder.assetcatalog; path = Assets.xcassets; sourceTree = "<group>"; };
		69A7639724338B830063BBD0 /* Base */ = {isa = PBXFileReference; lastKnownFileType = file.storyboard; name = Base; path = Base.lproj/Main.storyboard; sourceTree = "<group>"; };
		69A7639924338B830063BBD0 /* Info.plist */ = {isa = PBXFileReference; lastKnownFileType = text.plist.xml; path = Info.plist; sourceTree = "<group>"; };
		69A7639A24338B830063BBD0 /* PixelGame.entitlements */ = {isa = PBXFileReference; lastKnownFileType = text.plist.entitlements; path = PixelGame.entitlements; sourceTree = "<group>"; };
/* End PBXFileReference section */

/* Begin PBXFrameworksBuildPhase section */
		69A7638424338B7E0063BBD0 /* Frameworks */ = {
			isa = PBXFrameworksBuildPhase;
			buildActionMask = 2147483647;
			files = (
			);
			runOnlyForDeploymentPostprocessing = 0;
		};
/* End PBXFrameworksBuildPhase section */

/* Begin PBXGroup section */
		69A7637E24338B7E0063BBD0 = {
			isa = PBXGroup;
			children = (
				69A7638924338B7E0063BBD0 /* PixelGame */,
				69A7638824338B7E0063BBD0 /* Products */,
			);
			sourceTree = "<group>";
		};
		69A7638824338B7E0063BBD0 /* Products */ = {
			isa = PBXGroup;
			children = (
				69A7638724338B7E0063BBD0 /* PixelGame.app */,
			);
			name = Products;
			sourceTree = "<group>";
		};
		69A7638924338B7E0063BBD0 /* PixelGame */ = {
			isa = PBXGroup;
			children = (
				69A7638A24338B7F0063BBD0 /* AppDelegate.swift */,
				69A7638C24338B7F0063BBD0 /* GameScene.sks */,
				69A7638E24338B7F0063BBD0 /* Actions.sks */,
				69A7639024338B7F0063BBD0 /* GameScene.swift */,
				69A7639224338B7F0063BBD0 /* ViewController.swift */,
				69A7639424338B830063BBD0 /* Assets.xcassets */,
				69A7639624338B830063BBD0 /* Main.storyboard */,
				69A7639924338B830063BBD0 /* Info.plist */,
				69A7639A24338B830063BBD0 /* PixelGame.entitlements */,
			);
			path = PixelGame;
			sourceTree = "<group>";
		};
/* End PBXGroup section */

/* Begin PBXNativeTarget section */
		69A7638624338B7E0063BBD0 /* PixelGame */ = {
			isa = PBXNativeTarget;
			buildConfigurationList = 69A7639D24338B830063BBD0 /* Build configuration list for PBXNativeTarget "PixelGame" */;
			buildPhases = (
				69A7638324338B7E0063BBD0 /* Sources */,
				69A7638424338B7E0063BBD0 /* Frameworks */,
				69A7638524338B7E0063BBD0 /* Resources */,
			);
			buildRules = (
			);
			dependencies = (
			);
			name = PixelGame;
			productName = PixelGame;
			productReference = 69A7638724338B7E0063BBD0 /* PixelGame.app */;
			productType = "com.apple.product-type.application";
		};
/* End PBXNativeTarget section */

/* Begin PBXProject section */
		69A7637F24338B7E0063BBD0 /* Project object */ = {
			isa = PBXProject;
			attributes = {
				LastSwiftUpdateCheck = 1140;
				LastUpgradeCheck = 1140;
				ORGANIZATIONNAME = "Murilo Teixeira";
				TargetAttributes = {
					69A7638624338B7E0063BBD0 = {
						CreatedOnToolsVersion = 11.4;
					};
				};
			};
			buildConfigurationList = 69A7638224338B7E0063BBD0 /* Build configuration list for PBXProject "PixelGame" */;
			compatibilityVersion = "Xcode 9.3";
			developmentRegion = en;
			hasScannedForEncodings = 0;
			knownRegions = (
				en,
				Base,
			);
			mainGroup = 69A7637E24338B7E0063BBD0;
			productRefGroup = 69A7638824338B7E0063BBD0 /* Products */;
			projectDirPath = "";
			projectRoot = "";
			targets = (
				69A7638624338B7E0063BBD0 /* PixelGame */,
			);
		};
/* End PBXProject section */

/* Begin PBXResourcesBuildPhase section */
		69A7638524338B7E0063BBD0 /* Resources */ = {
			isa = PBXResourcesBuildPhase;
			buildActionMask = 2147483647;
			files = (
				69A7638D24338B7F0063BBD0 /* GameScene.sks in Resources */,
				69A7639524338B830063BBD0 /* Assets.xcassets in Resources */,
				69A7638F24338B7F0063BBD0 /* Actions.sks in Resources */,
				69A7639824338B830063BBD0 /* Main.storyboard in Resources */,
			);
			runOnlyForDeploymentPostprocessing = 0;
		};
/* End PBXResourcesBuildPhase section */

/* Begin PBXSourcesBuildPhase section */
		69A7638324338B7E0063BBD0 /* Sources */ = {
			isa = PBXSourcesBuildPhase;
			buildActionMask = 2147483647;
			files = (
				69A7639324338B7F0063BBD0 /* ViewController.swift in Sources */,
				69A7639124338B7F0063BBD0 /* GameScene.swift in Sources */,
				69A7638B24338B7F0063BBD0 /* AppDelegate.swift in Sources */,
			);
			runOnlyForDeploymentPostprocessing = 0;
		};
/* End PBXSourcesBuildPhase section */

/* Begin PBXVariantGroup section */
		69A7639624338B830063BBD0 /* Main.storyboard */ = {
			isa = PBXVariantGroup;
			children = (
				69A7639724338B830063BBD0 /* Base */,
			);
			name = Main.storyboard;
			sourceTree = "<group>";
		};
/* End PBXVariantGroup section */

/* Begin XCBuildConfiguration section */
		69A7639B24338B830063BBD0 /* Debug */ = {
			isa = XCBuildConfiguration;
			buildSettings = {
				ALWAYS_SEARCH_USER_PATHS = NO;
				CLANG_ANALYZER_NONNULL = YES;
				CLANG_ANALYZER_NUMBER_OBJECT_CONVERSION = YES_AGGRESSIVE;
				CLANG_CXX_LANGUAGE_STANDARD = "gnu++14";
				CLANG_CXX_LIBRARY = "libc++";
				CLANG_ENABLE_MODULES = YES;
				CLANG_ENABLE_OBJC_ARC = YES;
				CLANG_ENABLE_OBJC_WEAK = YES;
				CLANG_WARN_BLOCK_CAPTURE_AUTORELEASING = YES;
				CLANG_WARN_BOOL_CONVERSION = YES;
				CLANG_WARN_COMMA = YES;
				CLANG_WARN_CONSTANT_CONVERSION = YES;
				CLANG_WARN_DEPRECATED_OBJC_IMPLEMENTATIONS = YES;
				CLANG_WARN_DIRECT_OBJC_ISA_USAGE = YES_ERROR;
				CLANG_WARN_DOCUMENTATION_COMMENTS = YES;
				CLANG_WARN_EMPTY_BODY = YES;
				CLANG_WARN_ENUM_CONVERSION = YES;
				CLANG_WARN_INFINITE_RECURSION = YES;
				CLANG_WARN_INT_CONVERSION = YES;
				CLANG_WARN_NON_LITERAL_NULL_CONVERSION = YES;
				CLANG_WARN_OBJC_IMPLICIT_RETAIN_SELF = YES;
				CLANG_WARN_OBJC_LITERAL_CONVERSION = YES;
				CLANG_WARN_OBJC_ROOT_CLASS = YES_ERROR;
				CLANG_WARN_RANGE_LOOP_ANALYSIS = YES;
				CLANG_WARN_STRICT_PROTOTYPES = YES;
				CLANG_WARN_SUSPICIOUS_MOVE = YES;
				CLANG_WARN_UNGUARDED_AVAILABILITY = YES_AGGRESSIVE;
				CLANG_WARN_UNREACHABLE_CODE = YES;
				CLANG_WARN__DUPLICATE_METHOD_MATCH = YES;
				COPY_PHASE_STRIP = NO;
				DEBUG_INFORMATION_FORMAT = dwarf;
				ENABLE_STRICT_OBJC_MSGSEND = YES;
				ENABLE_TESTABILITY = YES;
				GCC_C_LANGUAGE_STANDARD = gnu11;
				GCC_DYNAMIC_NO_PIC = NO;
				GCC_NO_COMMON_BLOCKS = YES;
				GCC_OPTIMIZATION_LEVEL = 0;
				GCC_PREPROCESSOR_DEFINITIONS = (
					"DEBUG=1",
					"$(inherited)",
				);
				GCC_WARN_64_TO_32_BIT_CONVERSION = YES;
				GCC_WARN_ABOUT_RETURN_TYPE = YES_ERROR;
				GCC_WARN_UNDECLARED_SELECTOR = YES;
				GCC_WARN_UNINITIALIZED_AUTOS = YES_AGGRESSIVE;
				GCC_WARN_UNUSED_FUNCTION = YES;
				GCC_WARN_UNUSED_VARIABLE = YES;
				MACOSX_DEPLOYMENT_TARGET = 10.15;
				MTL_ENABLE_DEBUG_INFO = INCLUDE_SOURCE;
				MTL_FAST_MATH = YES;
				ONLY_ACTIVE_ARCH = YES;
				SDKROOT = macosx;
				SWIFT_ACTIVE_COMPILATION_CONDITIONS = DEBUG;
				SWIFT_OPTIMIZATION_LEVEL = "-Onone";
			};
			name = Debug;
		};
		69A7639C24338B830063BBD0 /* Release */ = {
			isa = XCBuildConfiguration;
			buildSettings = {
				ALWAYS_SEARCH_USER_PATHS = NO;
				CLANG_ANALYZER_NONNULL = YES;
				CLANG_ANALYZER_NUMBER_OBJECT_CONVERSION = YES_AGGRESSIVE;
				CLANG_CXX_LANGUAGE_STANDARD = "gnu++14";
				CLANG_CXX_LIBRARY = "libc++";
				CLANG_ENABLE_MODULES = YES;
				CLANG_ENABLE_OBJC_ARC = YES;
				CLANG_ENABLE_OBJC_WEAK = YES;
				CLANG_WARN_BLOCK_CAPTURE_AUTORELEASING = YES;
				CLANG_WARN_BOOL_CONVERSION = YES;
				CLANG_WARN_COMMA = YES;
				CLANG_WARN_CONSTANT_CONVERSION = YES;
				CLANG_WARN_DEPRECATED_OBJC_IMPLEMENTATIONS = YES;
				CLANG_WARN_DIRECT_OBJC_ISA_USAGE = YES_ERROR;
				CLANG_WARN_DOCUMENTATION_COMMENTS = YES;
				CLANG_WARN_EMPTY_BODY = YES;
				CLANG_WARN_ENUM_CONVERSION = YES;
				CLANG_WARN_INFINITE_RECURSION = YES;
				CLANG_WARN_INT_CONVERSION = YES;
				CLANG_WARN_NON_LITERAL_NULL_CONVERSION = YES;
				CLANG_WARN_OBJC_IMPLICIT_RETAIN_SELF = YES;
				CLANG_WARN_OBJC_LITERAL_CONVERSION = YES;
				CLANG_WARN_OBJC_ROOT_CLASS = YES_ERROR;
				CLANG_WARN_RANGE_LOOP_ANALYSIS = YES;
				CLANG_WARN_STRICT_PROTOTYPES = YES;
				CLANG_WARN_SUSPICIOUS_MOVE = YES;
				CLANG_WARN_UNGUARDED_AVAILABILITY = YES_AGGRESSIVE;
				CLANG_WARN_UNREACHABLE_CODE = YES;
				CLANG_WARN__DUPLICATE_METHOD_MATCH = YES;
				COPY_PHASE_STRIP = NO;
				DEBUG_INFORMATION_FORMAT = "dwarf-with-dsym";
				ENABLE_NS_ASSERTIONS = NO;
				ENABLE_STRICT_OBJC_MSGSEND = YES;
				GCC_C_LANGUAGE_STANDARD = gnu11;
				GCC_NO_COMMON_BLOCKS = YES;
				GCC_WARN_64_TO_32_BIT_CONVERSION = YES;
				GCC_WARN_ABOUT_RETURN_TYPE = YES_ERROR;
				GCC_WARN_UNDECLARED_SELECTOR = YES;
				GCC_WARN_UNINITIALIZED_AUTOS = YES_AGGRESSIVE;
				GCC_WARN_UNUSED_FUNCTION = YES;
				GCC_WARN_UNUSED_VARIABLE = YES;
				MACOSX_DEPLOYMENT_TARGET = 10.15;
				MTL_ENABLE_DEBUG_INFO = NO;
				MTL_FAST_MATH = YES;
				SDKROOT = macosx;
				SWIFT_COMPILATION_MODE = wholemodule;
				SWIFT_OPTIMIZATION_LEVEL = "-O";
			};
			name = Release;
		};
		69A7639E24338B830063BBD0 /* Debug */ = {
			isa = XCBuildConfiguration;
			buildSettings = {
				ASSETCATALOG_COMPILER_APPICON_NAME = AppIcon;
				CODE_SIGN_ENTITLEMENTS = PixelGame/PixelGame.entitlements;
				CODE_SIGN_STYLE = Automatic;
				COMBINE_HIDPI_IMAGES = YES;
				DEVELOPMENT_TEAM = 6R4QWP27L3;
				ENABLE_HARDENED_RUNTIME = YES;
				INFOPLIST_FILE = PixelGame/Info.plist;
				LD_RUNPATH_SEARCH_PATHS = (
					"$(inherited)",
					"@executable_path/../Frameworks",
				);
				PRODUCT_BUNDLE_IDENTIFIER = com.teixeira.murilo.PixelGame;
				PRODUCT_NAME = "$(TARGET_NAME)";
				SWIFT_VERSION = 5.0;
			};
			name = Debug;
		};
		69A7639F24338B830063BBD0 /* Release */ = {
			isa = XCBuildConfiguration;
			buildSettings = {
				ASSETCATALOG_COMPILER_APPICON_NAME = AppIcon;
				CODE_SIGN_ENTITLEMENTS = PixelGame/PixelGame.entitlements;
				CODE_SIGN_STYLE = Automatic;
				COMBINE_HIDPI_IMAGES = YES;
				DEVELOPMENT_TEAM = 6R4QWP27L3;
				ENABLE_HARDENED_RUNTIME = YES;
				INFOPLIST_FILE = PixelGame/Info.plist;
				LD_RUNPATH_SEARCH_PATHS = (
					"$(inherited)",
					"@executable_path/../Frameworks",
				);
				PRODUCT_BUNDLE_IDENTIFIER = com.teixeira.murilo.PixelGame;
				PRODUCT_NAME = "$(TARGET_NAME)";
				SWIFT_VERSION = 5.0;
			};
			name = Release;
		};
/* End XCBuildConfiguration section */

/* Begin XCConfigurationList section */
		69A7638224338B7E0063BBD0 /* Build configuration list for PBXProject "PixelGame" */ = {
			isa = XCConfigurationList;
			buildConfigurations = (
				69A7639B24338B830063BBD0 /* Debug */,
				69A7639C24338B830063BBD0 /* Release */,
			);
			defaultConfigurationIsVisible = 0;
			defaultConfigurationName = Release;
		};
		69A7639D24338B830063BBD0 /* Build configuration list for PBXNativeTarget "PixelGame" */ = {
			isa = XCConfigurationList;
			buildConfigurations = (
				69A7639E24338B830063BBD0 /* Debug */,
				69A7639F24338B830063BBD0 /* Release */,
			);
			defaultConfigurationIsVisible = 0;
			defaultConfigurationName = Release;
		};
/* End XCConfigurationList section */
	};
	rootObject = 69A7637F24338B7E0063BBD0 /* Project object */;
}
