// !$*UTF8*$!
{
	archiveVersion = 1;
	classes = {
	};
	objectVersion = 50;
	objects = {

/* Begin PBXBuildFile section */
		692217C3243A9D2F0046C980 /* SKSpriteNode.swift in Sources */ = {isa = PBXBuildFile; fileRef = 692217C2243A9D2F0046C980 /* SKSpriteNode.swift */; };
		692217E7243AE3D90046C980 /* TBView.swift in Sources */ = {isa = PBXBuildFile; fileRef = 692217E6243AE3D90046C980 /* TBView.swift */; };
		692217E9243BFD060046C980 /* CodeScreen.swift in Sources */ = {isa = PBXBuildFile; fileRef = 692217E8243BFD060046C980 /* CodeScreen.swift */; };
		692217EB243C23D10046C980 /* OrganizeCodeLine.swift in Sources */ = {isa = PBXBuildFile; fileRef = 692217EA243C23D10046C980 /* OrganizeCodeLine.swift */; };
		692217ED243D54180046C980 /* SKShapeNode.swift in Sources */ = {isa = PBXBuildFile; fileRef = 692217EC243D54170046C980 /* SKShapeNode.swift */; };
		692217EF243D58810046C980 /* NSButton.swift in Sources */ = {isa = PBXBuildFile; fileRef = 692217EE243D58810046C980 /* NSButton.swift */; };
		6924263C2434DB3600387526 /* Door.swift in Sources */ = {isa = PBXBuildFile; fileRef = 6924263B2434DB3600387526 /* Door.swift */; };
		6924263E2434DF3700387526 /* DialogMessageContainer.swift in Sources */ = {isa = PBXBuildFile; fileRef = 6924263D2434DF3700387526 /* DialogMessageContainer.swift */; };
		69340820243547A500533B10 /* TouchBarManager.swift in Sources */ = {isa = PBXBuildFile; fileRef = 6934081F243547A500533B10 /* TouchBarManager.swift */; };
		695188F22433BB22009CE601 /* IntroState.swift in Sources */ = {isa = PBXBuildFile; fileRef = 695188F12433BB22009CE601 /* IntroState.swift */; };
		695188F42433BB47009CE601 /* GameState.swift in Sources */ = {isa = PBXBuildFile; fileRef = 695188F32433BB47009CE601 /* GameState.swift */; };
		695188F62433BB56009CE601 /* BuildRoomState.swift in Sources */ = {isa = PBXBuildFile; fileRef = 695188F52433BB56009CE601 /* BuildRoomState.swift */; };
		695188F82433BC13009CE601 /* CreditsState.swift in Sources */ = {isa = PBXBuildFile; fileRef = 695188F72433BC13009CE601 /* CreditsState.swift */; };
		695DCA602436894500415916 /* DialogMenuState.swift in Sources */ = {isa = PBXBuildFile; fileRef = 695DCA5F2436894500415916 /* DialogMenuState.swift */; };
		695DCA6224368C6A00415916 /* AlertState.swift in Sources */ = {isa = PBXBuildFile; fileRef = 695DCA6124368C6A00415916 /* AlertState.swift */; };
		696CCFCC243839DD009D6047 /* Collectable.swift in Sources */ = {isa = PBXBuildFile; fileRef = 696CCFCB243839DD009D6047 /* Collectable.swift */; };
		698C863D2438C39C006EC5A0 /* SKNode.swift in Sources */ = {isa = PBXBuildFile; fileRef = 698C863C2438C39C006EC5A0 /* SKNode.swift */; };
		698C863F2438C8D1006EC5A0 /* Bug.swift in Sources */ = {isa = PBXBuildFile; fileRef = 698C863E2438C8D1006EC5A0 /* Bug.swift */; };
		699DFD482437B2F60085FEE5 /* ConfirmState.swift in Sources */ = {isa = PBXBuildFile; fileRef = 699DFD472437B2F60085FEE5 /* ConfirmState.swift */; };
		69A7638B24338B7F0063BBD0 /* AppDelegate.swift in Sources */ = {isa = PBXBuildFile; fileRef = 69A7638A24338B7F0063BBD0 /* AppDelegate.swift */; };
		69A7639124338B7F0063BBD0 /* GameScene.swift in Sources */ = {isa = PBXBuildFile; fileRef = 69A7639024338B7F0063BBD0 /* GameScene.swift */; };
		69A7639324338B7F0063BBD0 /* GameViewController.swift in Sources */ = {isa = PBXBuildFile; fileRef = 69A7639224338B7F0063BBD0 /* GameViewController.swift */; };
		69A7639524338B830063BBD0 /* Assets.xcassets in Resources */ = {isa = PBXBuildFile; fileRef = 69A7639424338B830063BBD0 /* Assets.xcassets */; };
		69A7639824338B830063BBD0 /* Main.storyboard in Resources */ = {isa = PBXBuildFile; fileRef = 69A7639624338B830063BBD0 /* Main.storyboard */; };
		69A763A524338CA80063BBD0 /* PixelArtObject.swift in Sources */ = {isa = PBXBuildFile; fileRef = 69A763A424338CA80063BBD0 /* PixelArtObject.swift */; };
		69A763A724338CC10063BBD0 /* Hero.swift in Sources */ = {isa = PBXBuildFile; fileRef = 69A763A624338CC10063BBD0 /* Hero.swift */; };
		69A763A924338CDA0063BBD0 /* DialogBox.swift in Sources */ = {isa = PBXBuildFile; fileRef = 69A763A824338CDA0063BBD0 /* DialogBox.swift */; };
		69A763AB24338CF30063BBD0 /* KeyCode.swift in Sources */ = {isa = PBXBuildFile; fileRef = 69A763AA24338CF30063BBD0 /* KeyCode.swift */; };
		69A763AD24338D050063BBD0 /* Floor.swift in Sources */ = {isa = PBXBuildFile; fileRef = 69A763AC24338D050063BBD0 /* Floor.swift */; };
		69A763AF24338D170063BBD0 /* Wall.swift in Sources */ = {isa = PBXBuildFile; fileRef = 69A763AE24338D170063BBD0 /* Wall.swift */; };
		69A763B124338D2B0063BBD0 /* Constants.swift in Sources */ = {isa = PBXBuildFile; fileRef = 69A763B024338D2B0063BBD0 /* Constants.swift */; };
		69A763B524338D830063BBD0 /* Color.swift in Sources */ = {isa = PBXBuildFile; fileRef = 69A763B424338D830063BBD0 /* Color.swift */; };
		69A763B724338D960063BBD0 /* TouchBar.swift in Sources */ = {isa = PBXBuildFile; fileRef = 69A763B624338D960063BBD0 /* TouchBar.swift */; };
		69A763BA24338DC50063BBD0 /* PressStart2P-Regular.ttf in Resources */ = {isa = PBXBuildFile; fileRef = 69A763B924338DC50063BBD0 /* PressStart2P-Regular.ttf */; };
		69D4951D2436749300AA71E5 /* TouchBarScene.swift in Sources */ = {isa = PBXBuildFile; fileRef = 69D4951C2436749300AA71E5 /* TouchBarScene.swift */; };
		69D49522243678BF00AA71E5 /* IdleState.swift in Sources */ = {isa = PBXBuildFile; fileRef = 69D49521243678BF00AA71E5 /* IdleState.swift */; };
		69D76120243648360071953D /* HeroManager.swift in Sources */ = {isa = PBXBuildFile; fileRef = 69D7611F243648360071953D /* HeroManager.swift */; };
		69D761222436486D0071953D /* ObserverManager.swift in Sources */ = {isa = PBXBuildFile; fileRef = 69D761212436486D0071953D /* ObserverManager.swift */; };
/* End PBXBuildFile section */

/* Begin PBXFileReference section */
		692217C2243A9D2F0046C980 /* SKSpriteNode.swift */ = {isa = PBXFileReference; lastKnownFileType = sourcecode.swift; path = SKSpriteNode.swift; sourceTree = "<group>"; };
		692217E6243AE3D90046C980 /* TBView.swift */ = {isa = PBXFileReference; lastKnownFileType = sourcecode.swift; path = TBView.swift; sourceTree = "<group>"; };
		692217E8243BFD060046C980 /* CodeScreen.swift */ = {isa = PBXFileReference; lastKnownFileType = sourcecode.swift; path = CodeScreen.swift; sourceTree = "<group>"; };
		692217EA243C23D10046C980 /* OrganizeCodeLine.swift */ = {isa = PBXFileReference; lastKnownFileType = sourcecode.swift; path = OrganizeCodeLine.swift; sourceTree = "<group>"; };
		692217EC243D54170046C980 /* SKShapeNode.swift */ = {isa = PBXFileReference; lastKnownFileType = sourcecode.swift; path = SKShapeNode.swift; sourceTree = "<group>"; };
		692217EE243D58810046C980 /* NSButton.swift */ = {isa = PBXFileReference; lastKnownFileType = sourcecode.swift; path = NSButton.swift; sourceTree = "<group>"; };
		6924263B2434DB3600387526 /* Door.swift */ = {isa = PBXFileReference; lastKnownFileType = sourcecode.swift; path = Door.swift; sourceTree = "<group>"; };
		6924263D2434DF3700387526 /* DialogMessageContainer.swift */ = {isa = PBXFileReference; lastKnownFileType = sourcecode.swift; path = DialogMessageContainer.swift; sourceTree = "<group>"; };
		6934081F243547A500533B10 /* TouchBarManager.swift */ = {isa = PBXFileReference; lastKnownFileType = sourcecode.swift; path = TouchBarManager.swift; sourceTree = "<group>"; };
		695188F12433BB22009CE601 /* IntroState.swift */ = {isa = PBXFileReference; lastKnownFileType = sourcecode.swift; path = IntroState.swift; sourceTree = "<group>"; };
		695188F32433BB47009CE601 /* GameState.swift */ = {isa = PBXFileReference; lastKnownFileType = sourcecode.swift; path = GameState.swift; sourceTree = "<group>"; };
		695188F52433BB56009CE601 /* BuildRoomState.swift */ = {isa = PBXFileReference; lastKnownFileType = sourcecode.swift; path = BuildRoomState.swift; sourceTree = "<group>"; };
		695188F72433BC13009CE601 /* CreditsState.swift */ = {isa = PBXFileReference; lastKnownFileType = sourcecode.swift; path = CreditsState.swift; sourceTree = "<group>"; };
		695DCA5F2436894500415916 /* DialogMenuState.swift */ = {isa = PBXFileReference; lastKnownFileType = sourcecode.swift; path = DialogMenuState.swift; sourceTree = "<group>"; };
		695DCA6124368C6A00415916 /* AlertState.swift */ = {isa = PBXFileReference; lastKnownFileType = sourcecode.swift; path = AlertState.swift; sourceTree = "<group>"; };
		696CCFCB243839DD009D6047 /* Collectable.swift */ = {isa = PBXFileReference; lastKnownFileType = sourcecode.swift; path = Collectable.swift; sourceTree = "<group>"; };
		698C863C2438C39C006EC5A0 /* SKNode.swift */ = {isa = PBXFileReference; lastKnownFileType = sourcecode.swift; path = SKNode.swift; sourceTree = "<group>"; };
		698C863E2438C8D1006EC5A0 /* Bug.swift */ = {isa = PBXFileReference; lastKnownFileType = sourcecode.swift; path = Bug.swift; sourceTree = "<group>"; };
		699DFD472437B2F60085FEE5 /* ConfirmState.swift */ = {isa = PBXFileReference; lastKnownFileType = sourcecode.swift; path = ConfirmState.swift; sourceTree = "<group>"; };
		69A7638724338B7E0063BBD0 /* PixelGame.app */ = {isa = PBXFileReference; explicitFileType = wrapper.application; includeInIndex = 0; path = PixelGame.app; sourceTree = BUILT_PRODUCTS_DIR; };
		69A7638A24338B7F0063BBD0 /* AppDelegate.swift */ = {isa = PBXFileReference; lastKnownFileType = sourcecode.swift; path = AppDelegate.swift; sourceTree = "<group>"; };
		69A7639024338B7F0063BBD0 /* GameScene.swift */ = {isa = PBXFileReference; lastKnownFileType = sourcecode.swift; path = GameScene.swift; sourceTree = "<group>"; };
		69A7639224338B7F0063BBD0 /* GameViewController.swift */ = {isa = PBXFileReference; lastKnownFileType = sourcecode.swift; path = GameViewController.swift; sourceTree = "<group>"; };
		69A7639424338B830063BBD0 /* Assets.xcassets */ = {isa = PBXFileReference; lastKnownFileType = folder.assetcatalog; path = Assets.xcassets; sourceTree = "<group>"; };
		69A7639724338B830063BBD0 /* Base */ = {isa = PBXFileReference; lastKnownFileType = file.storyboard; name = Base; path = Base.lproj/Main.storyboard; sourceTree = "<group>"; };
		69A7639924338B830063BBD0 /* Info.plist */ = {isa = PBXFileReference; lastKnownFileType = text.plist.xml; path = Info.plist; sourceTree = "<group>"; };
		69A7639A24338B830063BBD0 /* PixelGame.entitlements */ = {isa = PBXFileReference; lastKnownFileType = text.plist.entitlements; path = PixelGame.entitlements; sourceTree = "<group>"; };
		69A763A424338CA80063BBD0 /* PixelArtObject.swift */ = {isa = PBXFileReference; lastKnownFileType = sourcecode.swift; path = PixelArtObject.swift; sourceTree = "<group>"; };
		69A763A624338CC10063BBD0 /* Hero.swift */ = {isa = PBXFileReference; lastKnownFileType = sourcecode.swift; path = Hero.swift; sourceTree = "<group>"; };
		69A763A824338CDA0063BBD0 /* DialogBox.swift */ = {isa = PBXFileReference; lastKnownFileType = sourcecode.swift; path = DialogBox.swift; sourceTree = "<group>"; };
		69A763AA24338CF30063BBD0 /* KeyCode.swift */ = {isa = PBXFileReference; lastKnownFileType = sourcecode.swift; path = KeyCode.swift; sourceTree = "<group>"; };
		69A763AC24338D050063BBD0 /* Floor.swift */ = {isa = PBXFileReference; lastKnownFileType = sourcecode.swift; path = Floor.swift; sourceTree = "<group>"; };
		69A763AE24338D170063BBD0 /* Wall.swift */ = {isa = PBXFileReference; lastKnownFileType = sourcecode.swift; path = Wall.swift; sourceTree = "<group>"; };
		69A763B024338D2B0063BBD0 /* Constants.swift */ = {isa = PBXFileReference; lastKnownFileType = sourcecode.swift; path = Constants.swift; sourceTree = "<group>"; };
		69A763B424338D830063BBD0 /* Color.swift */ = {isa = PBXFileReference; lastKnownFileType = sourcecode.swift; path = Color.swift; sourceTree = "<group>"; };
		69A763B624338D960063BBD0 /* TouchBar.swift */ = {isa = PBXFileReference; lastKnownFileType = sourcecode.swift; path = TouchBar.swift; sourceTree = "<group>"; };
		69A763B924338DC50063BBD0 /* PressStart2P-Regular.ttf */ = {isa = PBXFileReference; lastKnownFileType = file; path = "PressStart2P-Regular.ttf"; sourceTree = "<group>"; };
		69D4951C2436749300AA71E5 /* TouchBarScene.swift */ = {isa = PBXFileReference; lastKnownFileType = sourcecode.swift; path = TouchBarScene.swift; sourceTree = "<group>"; };
		69D49521243678BF00AA71E5 /* IdleState.swift */ = {isa = PBXFileReference; lastKnownFileType = sourcecode.swift; path = IdleState.swift; sourceTree = "<group>"; };
		69D7611F243648360071953D /* HeroManager.swift */ = {isa = PBXFileReference; lastKnownFileType = sourcecode.swift; path = HeroManager.swift; sourceTree = "<group>"; };
		69D761212436486D0071953D /* ObserverManager.swift */ = {isa = PBXFileReference; lastKnownFileType = sourcecode.swift; path = ObserverManager.swift; sourceTree = "<group>"; };
/* End PBXFileReference section */

/* Begin PBXFrameworksBuildPhase section */
		69A7638424338B7E0063BBD0 /* Frameworks */ = {
			isa = PBXFrameworksBuildPhase;
			buildActionMask = 2147483647;
			files = (
			);
			runOnlyForDeploymentPostprocessing = 0;
		};
/* End PBXFrameworksBuildPhase section */

/* Begin PBXGroup section */
		6924263F243509B200387526 /* GameStates */ = {
			isa = PBXGroup;
			children = (
				695188F12433BB22009CE601 /* IntroState.swift */,
				695188F32433BB47009CE601 /* GameState.swift */,
				695188F52433BB56009CE601 /* BuildRoomState.swift */,
				695188F72433BC13009CE601 /* CreditsState.swift */,
			);
			path = GameStates;
			sourceTree = "<group>";
		};
		69A7637E24338B7E0063BBD0 = {
			isa = PBXGroup;
			children = (
				69A7638924338B7E0063BBD0 /* PixelGame */,
				69A7638824338B7E0063BBD0 /* Products */,
			);
			sourceTree = "<group>";
		};
		69A7638824338B7E0063BBD0 /* Products */ = {
			isa = PBXGroup;
			children = (
				69A7638724338B7E0063BBD0 /* PixelGame.app */,
			);
			name = Products;
			sourceTree = "<group>";
		};
		69A7638924338B7E0063BBD0 /* PixelGame */ = {
			isa = PBXGroup;
			children = (
				69A763A024338C170063BBD0 /* Model */,
				69D49523243679A800AA71E5 /* View */,
				69A763A224338C2B0063BBD0 /* Controller */,
				69A763A324338C560063BBD0 /* Extension */,
				69A763B824338DAE0063BBD0 /* Resources */,
				69A7638A24338B7F0063BBD0 /* AppDelegate.swift */,
				69A7639424338B830063BBD0 /* Assets.xcassets */,
				69A7639624338B830063BBD0 /* Main.storyboard */,
				69A7639924338B830063BBD0 /* Info.plist */,
				69A7639A24338B830063BBD0 /* PixelGame.entitlements */,
			);
			path = PixelGame;
			sourceTree = "<group>";
		};
		69A763A024338C170063BBD0 /* Model */ = {
			isa = PBXGroup;
			children = (
				69A763A424338CA80063BBD0 /* PixelArtObject.swift */,
				69A763A624338CC10063BBD0 /* Hero.swift */,
				69A763A824338CDA0063BBD0 /* DialogBox.swift */,
				6924263D2434DF3700387526 /* DialogMessageContainer.swift */,
				696CCFCB243839DD009D6047 /* Collectable.swift */,
				698C863E2438C8D1006EC5A0 /* Bug.swift */,
				6924263B2434DB3600387526 /* Door.swift */,
				69A763AC24338D050063BBD0 /* Floor.swift */,
				69A763AE24338D170063BBD0 /* Wall.swift */,
				692217E8243BFD060046C980 /* CodeScreen.swift */,
				69A763AA24338CF30063BBD0 /* KeyCode.swift */,
				69A763B024338D2B0063BBD0 /* Constants.swift */,
				69F9EE2C24364C3900676D65 /* ObserverManager */,
			);
			path = Model;
			sourceTree = "<group>";
		};
		69A763A224338C2B0063BBD0 /* Controller */ = {
			isa = PBXGroup;
			children = (
				69A7639224338B7F0063BBD0 /* GameViewController.swift */,
			);
			path = Controller;
			sourceTree = "<group>";
		};
		69A763A324338C560063BBD0 /* Extension */ = {
			isa = PBXGroup;
			children = (
				69A763B424338D830063BBD0 /* Color.swift */,
				69A763B624338D960063BBD0 /* TouchBar.swift */,
				698C863C2438C39C006EC5A0 /* SKNode.swift */,
				692217C2243A9D2F0046C980 /* SKSpriteNode.swift */,
				692217EC243D54170046C980 /* SKShapeNode.swift */,
				692217EE243D58810046C980 /* NSButton.swift */,
			);
			path = Extension;
			sourceTree = "<group>";
		};
		69A763B824338DAE0063BBD0 /* Resources */ = {
			isa = PBXGroup;
			children = (
				69A763B924338DC50063BBD0 /* PressStart2P-Regular.ttf */,
			);
			path = Resources;
			sourceTree = "<group>";
		};
		69D4951E2436784400AA71E5 /* TouchBarStates */ = {
			isa = PBXGroup;
			children = (
				69D49521243678BF00AA71E5 /* IdleState.swift */,
				695DCA5F2436894500415916 /* DialogMenuState.swift */,
				695DCA6124368C6A00415916 /* AlertState.swift */,
				699DFD472437B2F60085FEE5 /* ConfirmState.swift */,
				692217EA243C23D10046C980 /* OrganizeCodeLine.swift */,
			);
			path = TouchBarStates;
			sourceTree = "<group>";
		};
		69D4951F2436785600AA71E5 /* GameScene */ = {
			isa = PBXGroup;
			children = (
				69A7639024338B7F0063BBD0 /* GameScene.swift */,
				6924263F243509B200387526 /* GameStates */,
			);
			path = GameScene;
			sourceTree = "<group>";
		};
		69D495202436787A00AA71E5 /* TouchBar */ = {
			isa = PBXGroup;
			children = (
				692217E6243AE3D90046C980 /* TBView.swift */,
				69D4951C2436749300AA71E5 /* TouchBarScene.swift */,
				69D4951E2436784400AA71E5 /* TouchBarStates */,
			);
			path = TouchBar;
			sourceTree = "<group>";
		};
		69D49523243679A800AA71E5 /* View */ = {
			isa = PBXGroup;
			children = (
				69D4951F2436785600AA71E5 /* GameScene */,
				69D495202436787A00AA71E5 /* TouchBar */,
			);
			path = View;
			sourceTree = "<group>";
		};
		69F9EE2C24364C3900676D65 /* ObserverManager */ = {
			isa = PBXGroup;
			children = (
				69D7611F243648360071953D /* HeroManager.swift */,
				6934081F243547A500533B10 /* TouchBarManager.swift */,
				69D761212436486D0071953D /* ObserverManager.swift */,
			);
			path = ObserverManager;
			sourceTree = "<group>";
		};
/* End PBXGroup section */

/* Begin PBXNativeTarget section */
		69A7638624338B7E0063BBD0 /* PixelGame */ = {
			isa = PBXNativeTarget;
			buildConfigurationList = 69A7639D24338B830063BBD0 /* Build configuration list for PBXNativeTarget "PixelGame" */;
			buildPhases = (
				69A7638324338B7E0063BBD0 /* Sources */,
				69A7638424338B7E0063BBD0 /* Frameworks */,
				69A7638524338B7E0063BBD0 /* Resources */,
			);
			buildRules = (
			);
			dependencies = (
			);
			name = PixelGame;
			productName = PixelGame;
			productReference = 69A7638724338B7E0063BBD0 /* PixelGame.app */;
			productType = "com.apple.product-type.application";
		};
/* End PBXNativeTarget section */

/* Begin PBXProject section */
		69A7637F24338B7E0063BBD0 /* Project object */ = {
			isa = PBXProject;
			attributes = {
				LastSwiftUpdateCheck = 1140;
				LastUpgradeCheck = 1140;
				ORGANIZATIONNAME = "Murilo Teixeira";
				TargetAttributes = {
					69A7638624338B7E0063BBD0 = {
						CreatedOnToolsVersion = 11.4;
					};
				};
			};
			buildConfigurationList = 69A7638224338B7E0063BBD0 /* Build configuration list for PBXProject "PixelGame" */;
			compatibilityVersion = "Xcode 9.3";
			developmentRegion = en;
			hasScannedForEncodings = 0;
			knownRegions = (
				en,
				Base,
			);
			mainGroup = 69A7637E24338B7E0063BBD0;
			productRefGroup = 69A7638824338B7E0063BBD0 /* Products */;
			projectDirPath = "";
			projectRoot = "";
			targets = (
				69A7638624338B7E0063BBD0 /* PixelGame */,
			);
		};
/* End PBXProject section */

/* Begin PBXResourcesBuildPhase section */
		69A7638524338B7E0063BBD0 /* Resources */ = {
			isa = PBXResourcesBuildPhase;
			buildActionMask = 2147483647;
			files = (
				69A763BA24338DC50063BBD0 /* PressStart2P-Regular.ttf in Resources */,
				69A7639524338B830063BBD0 /* Assets.xcassets in Resources */,
				69A7639824338B830063BBD0 /* Main.storyboard in Resources */,
			);
			runOnlyForDeploymentPostprocessing = 0;
		};
/* End PBXResourcesBuildPhase section */

/* Begin PBXSourcesBuildPhase section */
		69A7638324338B7E0063BBD0 /* Sources */ = {
			isa = PBXSourcesBuildPhase;
			buildActionMask = 2147483647;
			files = (
				69A763AD24338D050063BBD0 /* Floor.swift in Sources */,
				69A763AF24338D170063BBD0 /* Wall.swift in Sources */,
				698C863F2438C8D1006EC5A0 /* Bug.swift in Sources */,
				695188F22433BB22009CE601 /* IntroState.swift in Sources */,
				692217EB243C23D10046C980 /* OrganizeCodeLine.swift in Sources */,
				69A763AB24338CF30063BBD0 /* KeyCode.swift in Sources */,
				69A763A724338CC10063BBD0 /* Hero.swift in Sources */,
				692217E9243BFD060046C980 /* CodeScreen.swift in Sources */,
				695188F82433BC13009CE601 /* CreditsState.swift in Sources */,
				69A763A924338CDA0063BBD0 /* DialogBox.swift in Sources */,
				692217E7243AE3D90046C980 /* TBView.swift in Sources */,
				69A763B524338D830063BBD0 /* Color.swift in Sources */,
				69D4951D2436749300AA71E5 /* TouchBarScene.swift in Sources */,
				692217EF243D58810046C980 /* NSButton.swift in Sources */,
				69D49522243678BF00AA71E5 /* IdleState.swift in Sources */,
				695DCA6224368C6A00415916 /* AlertState.swift in Sources */,
				698C863D2438C39C006EC5A0 /* SKNode.swift in Sources */,
				69A763B124338D2B0063BBD0 /* Constants.swift in Sources */,
				696CCFCC243839DD009D6047 /* Collectable.swift in Sources */,
				69A7639324338B7F0063BBD0 /* GameViewController.swift in Sources */,
				699DFD482437B2F60085FEE5 /* ConfirmState.swift in Sources */,
				6924263E2434DF3700387526 /* DialogMessageContainer.swift in Sources */,
				69A7639124338B7F0063BBD0 /* GameScene.swift in Sources */,
				695188F62433BB56009CE601 /* BuildRoomState.swift in Sources */,
				692217C3243A9D2F0046C980 /* SKSpriteNode.swift in Sources */,
				69340820243547A500533B10 /* TouchBarManager.swift in Sources */,
				695188F42433BB47009CE601 /* GameState.swift in Sources */,
				69D76120243648360071953D /* HeroManager.swift in Sources */,
				695DCA602436894500415916 /* DialogMenuState.swift in Sources */,
				69A7638B24338B7F0063BBD0 /* AppDelegate.swift in Sources */,
				69D761222436486D0071953D /* ObserverManager.swift in Sources */,
				6924263C2434DB3600387526 /* Door.swift in Sources */,
				69A763B724338D960063BBD0 /* TouchBar.swift in Sources */,
				69A763A524338CA80063BBD0 /* PixelArtObject.swift in Sources */,
				692217ED243D54180046C980 /* SKShapeNode.swift in Sources */,
			);
			runOnlyForDeploymentPostprocessing = 0;
		};
/* End PBXSourcesBuildPhase section */

/* Begin PBXVariantGroup section */
		69A7639624338B830063BBD0 /* Main.storyboard */ = {
			isa = PBXVariantGroup;
			children = (
				69A7639724338B830063BBD0 /* Base */,
			);
			name = Main.storyboard;
			sourceTree = "<group>";
		};
/* End PBXVariantGroup section */

/* Begin XCBuildConfiguration section */
		69A7639B24338B830063BBD0 /* Debug */ = {
			isa = XCBuildConfiguration;
			buildSettings = {
				ALWAYS_SEARCH_USER_PATHS = NO;
				CLANG_ANALYZER_NONNULL = YES;
				CLANG_ANALYZER_NUMBER_OBJECT_CONVERSION = YES_AGGRESSIVE;
				CLANG_CXX_LANGUAGE_STANDARD = "gnu++14";
				CLANG_CXX_LIBRARY = "libc++";
				CLANG_ENABLE_MODULES = YES;
				CLANG_ENABLE_OBJC_ARC = YES;
				CLANG_ENABLE_OBJC_WEAK = YES;
				CLANG_WARN_BLOCK_CAPTURE_AUTORELEASING = YES;
				CLANG_WARN_BOOL_CONVERSION = YES;
				CLANG_WARN_COMMA = YES;
				CLANG_WARN_CONSTANT_CONVERSION = YES;
				CLANG_WARN_DEPRECATED_OBJC_IMPLEMENTATIONS = YES;
				CLANG_WARN_DIRECT_OBJC_ISA_USAGE = YES_ERROR;
				CLANG_WARN_DOCUMENTATION_COMMENTS = YES;
				CLANG_WARN_EMPTY_BODY = YES;
				CLANG_WARN_ENUM_CONVERSION = YES;
				CLANG_WARN_INFINITE_RECURSION = YES;
				CLANG_WARN_INT_CONVERSION = YES;
				CLANG_WARN_NON_LITERAL_NULL_CONVERSION = YES;
				CLANG_WARN_OBJC_IMPLICIT_RETAIN_SELF = YES;
				CLANG_WARN_OBJC_LITERAL_CONVERSION = YES;
				CLANG_WARN_OBJC_ROOT_CLASS = YES_ERROR;
				CLANG_WARN_RANGE_LOOP_ANALYSIS = YES;
				CLANG_WARN_STRICT_PROTOTYPES = YES;
				CLANG_WARN_SUSPICIOUS_MOVE = YES;
				CLANG_WARN_UNGUARDED_AVAILABILITY = YES_AGGRESSIVE;
				CLANG_WARN_UNREACHABLE_CODE = YES;
				CLANG_WARN__DUPLICATE_METHOD_MATCH = YES;
				COPY_PHASE_STRIP = NO;
				DEBUG_INFORMATION_FORMAT = dwarf;
				ENABLE_STRICT_OBJC_MSGSEND = YES;
				ENABLE_TESTABILITY = YES;
				GCC_C_LANGUAGE_STANDARD = gnu11;
				GCC_DYNAMIC_NO_PIC = NO;
				GCC_NO_COMMON_BLOCKS = YES;
				GCC_OPTIMIZATION_LEVEL = 0;
				GCC_PREPROCESSOR_DEFINITIONS = (
					"DEBUG=1",
					"$(inherited)",
				);
				GCC_WARN_64_TO_32_BIT_CONVERSION = YES;
				GCC_WARN_ABOUT_RETURN_TYPE = YES_ERROR;
				GCC_WARN_UNDECLARED_SELECTOR = YES;
				GCC_WARN_UNINITIALIZED_AUTOS = YES_AGGRESSIVE;
				GCC_WARN_UNUSED_FUNCTION = YES;
				GCC_WARN_UNUSED_VARIABLE = YES;
				MACOSX_DEPLOYMENT_TARGET = 10.15;
				MTL_ENABLE_DEBUG_INFO = INCLUDE_SOURCE;
				MTL_FAST_MATH = YES;
				ONLY_ACTIVE_ARCH = YES;
				SDKROOT = macosx;
				SWIFT_ACTIVE_COMPILATION_CONDITIONS = DEBUG;
				SWIFT_OPTIMIZATION_LEVEL = "-Onone";
			};
			name = Debug;
		};
		69A7639C24338B830063BBD0 /* Release */ = {
			isa = XCBuildConfiguration;
			buildSettings = {
				ALWAYS_SEARCH_USER_PATHS = NO;
				CLANG_ANALYZER_NONNULL = YES;
				CLANG_ANALYZER_NUMBER_OBJECT_CONVERSION = YES_AGGRESSIVE;
				CLANG_CXX_LANGUAGE_STANDARD = "gnu++14";
				CLANG_CXX_LIBRARY = "libc++";
				CLANG_ENABLE_MODULES = YES;
				CLANG_ENABLE_OBJC_ARC = YES;
				CLANG_ENABLE_OBJC_WEAK = YES;
				CLANG_WARN_BLOCK_CAPTURE_AUTORELEASING = YES;
				CLANG_WARN_BOOL_CONVERSION = YES;
				CLANG_WARN_COMMA = YES;
				CLANG_WARN_CONSTANT_CONVERSION = YES;
				CLANG_WARN_DEPRECATED_OBJC_IMPLEMENTATIONS = YES;
				CLANG_WARN_DIRECT_OBJC_ISA_USAGE = YES_ERROR;
				CLANG_WARN_DOCUMENTATION_COMMENTS = YES;
				CLANG_WARN_EMPTY_BODY = YES;
				CLANG_WARN_ENUM_CONVERSION = YES;
				CLANG_WARN_INFINITE_RECURSION = YES;
				CLANG_WARN_INT_CONVERSION = YES;
				CLANG_WARN_NON_LITERAL_NULL_CONVERSION = YES;
				CLANG_WARN_OBJC_IMPLICIT_RETAIN_SELF = YES;
				CLANG_WARN_OBJC_LITERAL_CONVERSION = YES;
				CLANG_WARN_OBJC_ROOT_CLASS = YES_ERROR;
				CLANG_WARN_RANGE_LOOP_ANALYSIS = YES;
				CLANG_WARN_STRICT_PROTOTYPES = YES;
				CLANG_WARN_SUSPICIOUS_MOVE = YES;
				CLANG_WARN_UNGUARDED_AVAILABILITY = YES_AGGRESSIVE;
				CLANG_WARN_UNREACHABLE_CODE = YES;
				CLANG_WARN__DUPLICATE_METHOD_MATCH = YES;
				COPY_PHASE_STRIP = NO;
				DEBUG_INFORMATION_FORMAT = "dwarf-with-dsym";
				ENABLE_NS_ASSERTIONS = NO;
				ENABLE_STRICT_OBJC_MSGSEND = YES;
				GCC_C_LANGUAGE_STANDARD = gnu11;
				GCC_NO_COMMON_BLOCKS = YES;
				GCC_WARN_64_TO_32_BIT_CONVERSION = YES;
				GCC_WARN_ABOUT_RETURN_TYPE = YES_ERROR;
				GCC_WARN_UNDECLARED_SELECTOR = YES;
				GCC_WARN_UNINITIALIZED_AUTOS = YES_AGGRESSIVE;
				GCC_WARN_UNUSED_FUNCTION = YES;
				GCC_WARN_UNUSED_VARIABLE = YES;
				MACOSX_DEPLOYMENT_TARGET = 10.15;
				MTL_ENABLE_DEBUG_INFO = NO;
				MTL_FAST_MATH = YES;
				SDKROOT = macosx;
				SWIFT_COMPILATION_MODE = wholemodule;
				SWIFT_OPTIMIZATION_LEVEL = "-O";
			};
			name = Release;
		};
		69A7639E24338B830063BBD0 /* Debug */ = {
			isa = XCBuildConfiguration;
			buildSettings = {
				ASSETCATALOG_COMPILER_APPICON_NAME = AppIcon;
				CODE_SIGN_ENTITLEMENTS = PixelGame/PixelGame.entitlements;
				CODE_SIGN_STYLE = Automatic;
				COMBINE_HIDPI_IMAGES = YES;
				DEVELOPMENT_TEAM = 6R4QWP27L3;
				ENABLE_HARDENED_RUNTIME = YES;
				INFOPLIST_FILE = PixelGame/Info.plist;
				LD_RUNPATH_SEARCH_PATHS = (
					"$(inherited)",
					"@executable_path/../Frameworks",
				);
				PRODUCT_BUNDLE_IDENTIFIER = com.teixeira.murilo.PixelGame;
				PRODUCT_NAME = "$(TARGET_NAME)";
				SWIFT_VERSION = 5.0;
			};
			name = Debug;
		};
		69A7639F24338B830063BBD0 /* Release */ = {
			isa = XCBuildConfiguration;
			buildSettings = {
				ASSETCATALOG_COMPILER_APPICON_NAME = AppIcon;
				CODE_SIGN_ENTITLEMENTS = PixelGame/PixelGame.entitlements;
				CODE_SIGN_STYLE = Automatic;
				COMBINE_HIDPI_IMAGES = YES;
				DEVELOPMENT_TEAM = 6R4QWP27L3;
				ENABLE_HARDENED_RUNTIME = YES;
				INFOPLIST_FILE = PixelGame/Info.plist;
				LD_RUNPATH_SEARCH_PATHS = (
					"$(inherited)",
					"@executable_path/../Frameworks",
				);
				PRODUCT_BUNDLE_IDENTIFIER = com.teixeira.murilo.PixelGame;
				PRODUCT_NAME = "$(TARGET_NAME)";
				SWIFT_VERSION = 5.0;
			};
			name = Release;
		};
/* End XCBuildConfiguration section */

/* Begin XCConfigurationList section */
		69A7638224338B7E0063BBD0 /* Build configuration list for PBXProject "PixelGame" */ = {
			isa = XCConfigurationList;
			buildConfigurations = (
				69A7639B24338B830063BBD0 /* Debug */,
				69A7639C24338B830063BBD0 /* Release */,
			);
			defaultConfigurationIsVisible = 0;
			defaultConfigurationName = Release;
		};
		69A7639D24338B830063BBD0 /* Build configuration list for PBXNativeTarget "PixelGame" */ = {
			isa = XCConfigurationList;
			buildConfigurations = (
				69A7639E24338B830063BBD0 /* Debug */,
				69A7639F24338B830063BBD0 /* Release */,
			);
			defaultConfigurationIsVisible = 0;
			defaultConfigurationName = Release;
		};
/* End XCConfigurationList section */
	};
	rootObject = 69A7637F24338B7E0063BBD0 /* Project object */;
}
